<?xml version="1.0" encoding="UTF-8" standalone="yes" ?>
<CodeBlocks_project_file>
	<FileVersion major="1" minor="6" />
	<Project>
		<Option title="TMATH" />
		<Option pch_mode="2" />
		<Option compiler="gcc" />
		<Build>
			<Target title="Debug">
				<Option output="bin/Debug/TMATH" prefix_auto="1" extension_auto="1" />
				<Option object_output="obj/Debug/" />
				<Option type="1" />
				<Option compiler="gcc" />
				<Compiler>
					<Add option="-g" />
				</Compiler>
			</Target>
			<Target title="Release">
				<Option output="bin/Release/TMATH" prefix_auto="1" extension_auto="1" />
				<Option object_output="obj/Release/" />
				<Option type="1" />
				<Option compiler="gcc" />
				<Compiler>
					<Add option="-O2" />
				</Compiler>
				<Linker>
					<Add option="-s" />
				</Linker>
			</Target>
		</Build>
		<Compiler>
			<Add option="-Wall" />
		</Compiler>
		<Unit filename="TMATH.cpp" />
		<Unit filename="general/abs.hpp" />
		<Unit filename="general/ceil.hpp" />
		<Unit filename="general/exp.hpp" />
		<Unit filename="general/factorial.hpp" />
		<Unit filename="general/floor.hpp" />
		<Unit filename="general/pow.hpp" />
		<Unit filename="general/round.hpp" />
		<Unit filename="general/round_high.hpp" />
		<Unit filename="general/round_low.hpp" />
		<Unit filename="t_math.hpp" />
		<Unit filename="t_math_constant.hpp" />
		<Unit filename="trigonometry/acos.hpp" />
		<Unit filename="trigonometry/asin.hpp" />
		<Unit filename="trigonometry/cos.hpp" />
		<Unit filename="trigonometry/cot.hpp" />
		<Unit filename="trigonometry/csc.hpp" />
		<Unit filename="trigonometry/sec.hpp" />
		<Unit filename="trigonometry/sin.hpp" />
		<Unit filename="trigonometry/tan.hpp" />
		<Extensions>
			<lib_finder disable_auto="1" />
		</Extensions>
	</Project>
</CodeBlocks_project_file>
